
Microsoft Visual Studio Solution File, Format Version 12.00
# Visual Studio Version 16
VisualStudioVersion = 16.0.32413.511
MinimumVisualStudioVersion = 10.0.40219.1
Project("{FAE04EC0-301F-11D3-BF4B-00C04F79EFBC}") = "RSS_client_console_Kazhaneuski", "RSS_client_console_Kazhaneuski\RSS_client_console_Kazhaneuski.csproj", "{D56FA409-E707-4C18-8D8B-BE2BD6C64086}"
EndProject
Global
	GlobalSection(SolutionConfigurationPlatforms) = preSolution
		Debug|Any CPU = Debug|Any CPU
		Release|Any CPU = Release|Any CPU
	EndGlobalSection
	GlobalSection(ProjectConfigurationPlatforms) = postSolution
		{D56FA409-E707-4C18-8D8B-BE2BD6C64086}.Debug|Any CPU.ActiveCfg = Debug|Any CPU
		{D56FA409-E707-4C18-8D8B-BE2BD6C64086}.Debug|Any CPU.Build.0 = Debug|Any CPU
		{D56FA409-E707-4C18-8D8B-BE2BD6C64086}.Release|Any CPU.ActiveCfg = Release|Any CPU
		{D56FA409-E707-4C18-8D8B-BE2BD6C64086}.Release|Any CPU.Build.0 = Release|Any CPU
	EndGlobalSection
	GlobalSection(SolutionProperties) = preSolution
		HideSolutionNode = FALSE
	EndGlobalSection
	GlobalSection(ExtensibilityGlobals) = postSolution
		SolutionGuid = {34A940B6-6D06-43AC-933B-F5ADBFD81189}
	EndGlobalSection
EndGlobal
